
Microsoft Visual Studio Solution File, Format Version 12.00
# Visual Studio Version 16
VisualStudioVersion = 16.0.30711.63
MinimumVisualStudioVersion = 10.0.40219.1
Project("{FAE04EC0-301F-11D3-BF4B-00C04F79EFBC}") = "BankAccount", "BankAccount\BankAccount.csproj", "{B90A064E-0403-40AE-873D-28B926C766B9}"
EndProject
Global
	GlobalSection(SolutionConfigurationPlatforms) = preSolution
		Debug|Any CPU = Debug|Any CPU
		Release|Any CPU = Release|Any CPU
	EndGlobalSection
	GlobalSection(ProjectConfigurationPlatforms) = postSolution
		{B90A064E-0403-40AE-873D-28B926C766B9}.Debug|Any CPU.ActiveCfg = Debug|Any CPU
		{B90A064E-0403-40AE-873D-28B926C766B9}.Debug|Any CPU.Build.0 = Debug|Any CPU
		{B90A064E-0403-40AE-873D-28B926C766B9}.Release|Any CPU.ActiveCfg = Release|Any CPU
		{B90A064E-0403-40AE-873D-28B926C766B9}.Release|Any CPU.Build.0 = Release|Any CPU
	EndGlobalSection
	GlobalSection(SolutionProperties) = preSolution
		HideSolutionNode = FALSE
	EndGlobalSection
	GlobalSection(ExtensibilityGlobals) = postSolution
		SolutionGuid = {8EC931BC-B4A0-48D2-8506-07D158F38D1B}
	EndGlobalSection
EndGlobal
